
Microsoft Visual Studio Solution File, Format Version 12.00
# Visual Studio Version 16
VisualStudioVersion = 16.0.31911.196
MinimumVisualStudioVersion = 10.0.40219.1
Project("{FAE04EC0-301F-11D3-BF4B-00C04F79EFBC}") = "SeleniumDemo", "SeleniumDemo.csproj", "{FF4A4789-4BC6-4E93-9FC5-646CA9BDC947}"
EndProject
Global
	GlobalSection(SolutionConfigurationPlatforms) = preSolution
		Debug|Any CPU = Debug|Any CPU
		Release|Any CPU = Release|Any CPU
	EndGlobalSection
	GlobalSection(ProjectConfigurationPlatforms) = postSolution
		{FF4A4789-4BC6-4E93-9FC5-646CA9BDC947}.Debug|Any CPU.ActiveCfg = Debug|Any CPU
		{FF4A4789-4BC6-4E93-9FC5-646CA9BDC947}.Debug|Any CPU.Build.0 = Debug|Any CPU
		{FF4A4789-4BC6-4E93-9FC5-646CA9BDC947}.Release|Any CPU.ActiveCfg = Release|Any CPU
		{FF4A4789-4BC6-4E93-9FC5-646CA9BDC947}.Release|Any CPU.Build.0 = Release|Any CPU
	EndGlobalSection
	GlobalSection(SolutionProperties) = preSolution
		HideSolutionNode = FALSE
	EndGlobalSection
	GlobalSection(ExtensibilityGlobals) = postSolution
		SolutionGuid = {54B9D790-B869-43DB-9AE5-5CF38D90D245}
	EndGlobalSection
EndGlobal
